// !$*UTF8*$!
{
	archiveVersion = 1;
	classes = {
	};
	objectVersion = 77;
	objects = {

/* Begin PBXBuildFile section */
		A1B2C3D4000000000000000C /* NebuloWidgetExtension.appex in Embed Foundation Extensions */ = {isa = PBXBuildFile; fileRef = A1B2C3D40000000000000001 /* NebuloWidgetExtension.appex */; settings = {ATTRIBUTES = (RemoveHeadersOnCopy, ); }; };
		E165D43E2F1070EA00037231 /* VLCKitSPM in Frameworks */ = {isa = PBXBuildFile; productRef = E165D43D2F1070EA00037231 /* VLCKitSPM */; };
		E165D4412F1070FE00037231 /* KSPlayer in Frameworks */ = {isa = PBXBuildFile; productRef = E165D4402F1070FE00037231 /* KSPlayer */; };
/* End PBXBuildFile section */

/* Begin PBXContainerItemProxy section */
		A1B2C3D4000000000000000A /* PBXContainerItemProxy */ = {
			isa = PBXContainerItemProxy;
			containerPortal = E1F2B4372F0B9631004D9D5D /* Project object */;
			proxyType = 1;
			remoteGlobalIDString = A1B2C3D40000000000000003;
			remoteInfo = NebuloWidgetExtension;
		};
/* End PBXContainerItemProxy section */

/* Begin PBXCopyFilesBuildPhase section */
		A1B2C3D4000000000000000D /* Embed Foundation Extensions */ = {
			isa = PBXCopyFilesBuildPhase;
			buildActionMask = 2147483647;
			dstPath = "";
			dstSubfolderSpec = 13;
			files = (
				A1B2C3D4000000000000000C /* NebuloWidgetExtension.appex in Embed Foundation Extensions */,
			);
			name = "Embed Foundation Extensions";
			runOnlyForDeploymentPostprocessing = 0;
		};
/* End PBXCopyFilesBuildPhase section */

/* Begin PBXFileReference section */
		A1B2C3D40000000000000001 /* NebuloWidgetExtension.appex */ = {isa = PBXFileReference; explicitFileType = "wrapper.app-extension"; includeInIndex = 0; path = NebuloWidgetExtension.appex; sourceTree = BUILT_PRODUCTS_DIR; };
		E1F2B43F2F0B9631004D9D5D /* Nebulo_V2.4.app */ = {isa = PBXFileReference; explicitFileType = wrapper.application; includeInIndex = 0; path = Nebulo_V2.4.app; sourceTree = BUILT_PRODUCTS_DIR; };
/* End PBXFileReference section */

/* Begin PBXFileSystemSynchronizedBuildFileExceptionSet section */
		A1B2C3D4000000000000000E /* Exceptions for "NebuloWidgetExtension" folder in "NebuloWidgetExtension" target */ = {
			isa = PBXFileSystemSynchronizedBuildFileExceptionSet;
			membershipExceptions = (
				Info.plist,
			);
			target = A1B2C3D40000000000000003 /* NebuloWidgetExtension */;
		};
/* End PBXFileSystemSynchronizedBuildFileExceptionSet section */

/* Begin PBXFileSystemSynchronizedRootGroup section */
		A1B2C3D40000000000000002 /* NebuloWidgetExtension */ = {
			isa = PBXFileSystemSynchronizedRootGroup;
			exceptions = (
				A1B2C3D4000000000000000E /* Exceptions for "NebuloWidgetExtension" folder in "NebuloWidgetExtension" target */,
			);
			path = NebuloWidgetExtension;
			sourceTree = "<group>";
		};
		E1F2B4412F0B9631004D9D5D /* Nebulo_V2.4 */ = {
			isa = PBXFileSystemSynchronizedRootGroup;
			path = Nebulo_V2.4;
			sourceTree = "<group>";
		};
/* End PBXFileSystemSynchronizedRootGroup section */

/* Begin PBXFrameworksBuildPhase section */
		A1B2C3D40000000000000005 /* Frameworks */ = {
			isa = PBXFrameworksBuildPhase;
			buildActionMask = 2147483647;
			files = (
			);
			runOnlyForDeploymentPostprocessing = 0;
		};
		E1F2B43C2F0B9631004D9D5D /* Frameworks */ = {
			isa = PBXFrameworksBuildPhase;
			buildActionMask = 2147483647;
			files = (
				E165D43E2F1070EA00037231 /* VLCKitSPM in Frameworks */,
				E165D4412F1070FE00037231 /* KSPlayer in Frameworks */,
			);
			runOnlyForDeploymentPostprocessing = 0;
		};
/* End PBXFrameworksBuildPhase section */

/* Begin PBXGroup section */
		E1F2B4362F0B9631004D9D5D = {
			isa = PBXGroup;
			children = (
				E1F2B4412F0B9631004D9D5D /* Nebulo_V2.4 */,
				A1B2C3D40000000000000002 /* NebuloWidgetExtension */,
				E1F2B4402F0B9631004D9D5D /* Products */,
			);
			sourceTree = "<group>";
		};
		E1F2B4402F0B9631004D9D5D /* Products */ = {
			isa = PBXGroup;
			children = (
				E1F2B43F2F0B9631004D9D5D /* Nebulo_V2.4.app */,
				A1B2C3D40000000000000001 /* NebuloWidgetExtension.appex */,
			);
			name = Products;
			sourceTree = "<group>";
		};
/* End PBXGroup section */

/* Begin PBXNativeTarget section */
		A1B2C3D40000000000000003 /* NebuloWidgetExtension */ = {
			isa = PBXNativeTarget;
			buildConfigurationList = A1B2C3D40000000000000007 /* Build configuration list for PBXNativeTarget "NebuloWidgetExtension" */;
			buildPhases = (
				A1B2C3D40000000000000004 /* Sources */,
				A1B2C3D40000000000000005 /* Frameworks */,
				A1B2C3D40000000000000006 /* Resources */,
			);
			buildRules = (
			);
			dependencies = (
			);
			fileSystemSynchronizedGroups = (
				A1B2C3D40000000000000002 /* NebuloWidgetExtension */,
			);
			name = NebuloWidgetExtension;
			packageProductDependencies = (
			);
			productName = NebuloWidgetExtension;
			productReference = A1B2C3D40000000000000001 /* NebuloWidgetExtension.appex */;
			productType = "com.apple.product-type.app-extension";
		};
		E1F2B43E2F0B9631004D9D5D /* Nebulo_V2.4 */ = {
			isa = PBXNativeTarget;
			buildConfigurationList = E1F2B44A2F0B9633004D9D5D /* Build configuration list for PBXNativeTarget "Nebulo_V2.4" */;
			buildPhases = (
				E1F2B43B2F0B9631004D9D5D /* Sources */,
				E1F2B43C2F0B9631004D9D5D /* Frameworks */,
				E1F2B44D2F0B9633004D9D5D /* Fix libshaderc_combined Bundle Identifier */,
				E1F2B43D2F0B9631004D9D5D /* Resources */,
				A1B2C3D4000000000000000D /* Embed Foundation Extensions */,
			);
			buildRules = (
			);
			dependencies = (
				A1B2C3D4000000000000000B /* PBXTargetDependency */,
			);
			fileSystemSynchronizedGroups = (
				E1F2B4412F0B9631004D9D5D /* Nebulo_V2.4 */,
			);
			name = Nebulo_V2.4;
			packageProductDependencies = (
				E165D43D2F1070EA00037231 /* VLCKitSPM */,
				E165D4402F1070FE00037231 /* KSPlayer */,
			);
			productName = Nebulo_V2.4;
			productReference = E1F2B43F2F0B9631004D9D5D /* Nebulo_V2.4.app */;
			productType = "com.apple.product-type.application";
		};
/* End PBXNativeTarget section */

/* Begin PBXProject section */
		E1F2B4372F0B9631004D9D5D /* Project object */ = {
			isa = PBXProject;
			attributes = {
				BuildIndependentTargetsInParallel = 1;
				LastSwiftUpdateCheck = 2600;
				LastUpgradeCheck = 2600;
				TargetAttributes = {
					A1B2C3D40000000000000003 = {
						CreatedOnToolsVersion = 26.0.1;
						DevelopmentTeam = EL9V67G3NB;
						ProvisioningStyle = Automatic;
					};
					E1F2B43E2F0B9631004D9D5D = {
						CreatedOnToolsVersion = 26.0.1;
						DevelopmentTeam = EL9V67G3NB;
						ProvisioningStyle = Automatic;
					};
				};
			};
			buildConfigurationList = E1F2B43A2F0B9631004D9D5D /* Build configuration list for PBXProject "Nebulo_V2.4" */;
			developmentRegion = en;
			hasScannedForEncodings = 0;
			knownRegions = (
				en,
				Base,
			);
			mainGroup = E1F2B4362F0B9631004D9D5D;
			minimizedProjectReferenceProxies = 1;
			packageReferences = (
				E165D43C2F1070EA00037231 /* XCRemoteSwiftPackageReference "vlckit-spm" */,
				E165D43F2F1070FE00037231 /* XCRemoteSwiftPackageReference "KSPlayer" */,
			);
			preferredProjectObjectVersion = 77;
			productRefGroup = E1F2B4402F0B9631004D9D5D /* Products */;
			projectDirPath = "";
			projectRoot = "";
			targets = (
				E1F2B43E2F0B9631004D9D5D /* Nebulo_V2.4 */,
				A1B2C3D40000000000000003 /* NebuloWidgetExtension */,
			);
		};
/* End PBXProject section */

/* Begin PBXResourcesBuildPhase section */
		A1B2C3D40000000000000006 /* Resources */ = {
			isa = PBXResourcesBuildPhase;
			buildActionMask = 2147483647;
			files = (
			);
			runOnlyForDeploymentPostprocessing = 0;
		};
		E1F2B43D2F0B9631004D9D5D /* Resources */ = {
			isa = PBXResourcesBuildPhase;
			buildActionMask = 2147483647;
			files = (
			);
			runOnlyForDeploymentPostprocessing = 0;
		};
/* End PBXResourcesBuildPhase section */

/* Begin PBXShellScriptBuildPhase section */
		E1F2B44D2F0B9633004D9D5D /* Fix libshaderc_combined Bundle Identifier */ = {
			isa = PBXShellScriptBuildPhase;
			alwaysOutOfDate = 1;
			buildActionMask = 2147483647;
			files = (
			);
			inputFileListPaths = (
			);
			inputPaths = (
			);
			name = "Fix libshaderc_combined Bundle Identifier";
			outputFileListPaths = (
			);
			outputPaths = (
			);
			runOnlyForDeploymentPostprocessing = 0;
			shellPath = /bin/sh;
			shellScript = "set -e\necho \"Checking for libshaderc_combined.framework Info.plist...\"\nPLIST_PATH=\"${BUILT_PRODUCTS_DIR}/${FRAMEWORKS_FOLDER_PATH}/libshaderc_combined.framework/Info.plist\"\necho \"Expected path: $PLIST_PATH\"\nif [ -f \"$PLIST_PATH\" ]; then\n    echo \"Found Info.plist, fixing CFBundleIdentifier...\"\n    /usr/libexec/PlistBuddy -c \"Set :CFBundleIdentifier com.kintan.ksplayer.libshaderc-combined\" \"$PLIST_PATH\"\n    echo \"Successfully fixed CFBundleIdentifier.\"\n    codesign --force --sign \"${EXPANDED_CODE_SIGN_IDENTITY}\" \"${BUILT_PRODUCTS_DIR}/${FRAMEWORKS_FOLDER_PATH}/libshaderc_combined.framework\"\nelse\n    echo \"Info.plist not found at expected path. Skipping.\"\nfi\n";
		};
/* End PBXShellScriptBuildPhase section */

/* Begin PBXSourcesBuildPhase section */
		A1B2C3D40000000000000004 /* Sources */ = {
			isa = PBXSourcesBuildPhase;
			buildActionMask = 2147483647;
			files = (
			);
			runOnlyForDeploymentPostprocessing = 0;
		};
		E1F2B43B2F0B9631004D9D5D /* Sources */ = {
			isa = PBXSourcesBuildPhase;
			buildActionMask = 2147483647;
			files = (
			);
			runOnlyForDeploymentPostprocessing = 0;
		};
/* End PBXSourcesBuildPhase section */

/* Begin PBXTargetDependency section */
		A1B2C3D4000000000000000B /* PBXTargetDependency */ = {
			isa = PBXTargetDependency;
			target = A1B2C3D40000000000000003 /* NebuloWidgetExtension */;
			targetProxy = A1B2C3D4000000000000000A /* PBXContainerItemProxy */;
		};
/* End PBXTargetDependency section */

/* Begin XCBuildConfiguration section */
		A1B2C3D40000000000000008 /* Debug */ = {
			isa = XCBuildConfiguration;
			buildSettings = {
				CODE_SIGN_ENTITLEMENTS = NebuloWidgetExtension/NebuloWidgetExtension.entitlements;
				CODE_SIGN_STYLE = Automatic;
				CURRENT_PROJECT_VERSION = 1;
				DEVELOPMENT_TEAM = EL9V67G3NB;
				GENERATE_INFOPLIST_FILE = YES;
				INFOPLIST_FILE = NebuloWidgetExtension/Info.plist;
				INFOPLIST_KEY_CFBundleDisplayName = NebuloWidgetExtension;
				LD_RUNPATH_SEARCH_PATHS = (
					"$(inherited)",
					"@executable_path/Frameworks",
					"@executable_path/../../Frameworks",
				);
				MARKETING_VERSION = 3.0;
				PRODUCT_BUNDLE_IDENTIFIER = "personal.Nebulo-V2-4.NebuloWidgetExtension";
				PRODUCT_NAME = "$(TARGET_NAME)";
				SKIP_INSTALL = YES;
				SWIFT_EMIT_LOC_STRINGS = YES;
				SWIFT_VERSION = 5.0;
				TARGETED_DEVICE_FAMILY = "1,2";
			};
			name = Debug;
		};
		A1B2C3D40000000000000009 /* Release */ = {
			isa = XCBuildConfiguration;
			buildSettings = {
				CODE_SIGN_ENTITLEMENTS = NebuloWidgetExtension/NebuloWidgetExtension.entitlements;
				CODE_SIGN_STYLE = Automatic;
				CURRENT_PROJECT_VERSION = 1;
				DEVELOPMENT_TEAM = EL9V67G3NB;
				GENERATE_INFOPLIST_FILE = YES;
				INFOPLIST_FILE = NebuloWidgetExtension/Info.plist;
				INFOPLIST_KEY_CFBundleDisplayName = NebuloWidgetExtension;
				LD_RUNPATH_SEARCH_PATHS = (
					"$(inherited)",
					"@executable_path/Frameworks",
					"@executable_path/../../Frameworks",
				);
				MARKETING_VERSION = 3.0;
				PRODUCT_BUNDLE_IDENTIFIER = "personal.Nebulo-V2-4.NebuloWidgetExtension";
				PRODUCT_NAME = "$(TARGET_NAME)";
				SKIP_INSTALL = YES;
				SWIFT_EMIT_LOC_STRINGS = YES;
				SWIFT_VERSION = 5.0;
				TARGETED_DEVICE_FAMILY = "1,2";
			};
			name = Release;
		};
		E1F2B4482F0B9633004D9D5D /* Debug */ = {
			isa = XCBuildConfiguration;
			buildSettings = {
				ALWAYS_SEARCH_USER_PATHS = NO;
				ASSETCATALOG_COMPILER_GENERATE_SWIFT_ASSET_SYMBOL_EXTENSIONS = YES;
				CLANG_ANALYZER_NONNULL = YES;
				CLANG_ANALYZER_NUMBER_OBJECT_CONVERSION = YES_AGGRESSIVE;
				CLANG_CXX_LANGUAGE_STANDARD = "gnu++20";
				CLANG_ENABLE_MODULES = YES;
				CLANG_ENABLE_OBJC_ARC = YES;
				CLANG_ENABLE_OBJC_WEAK = YES;
				CLANG_MODULE_VERIFIER_KIND = none;
				CLANG_WARN_BLOCK_CAPTURE_AUTORELEASING = YES;
				CLANG_WARN_BOOL_CONVERSION = YES;
				CLANG_WARN_COMMA = YES;
				CLANG_WARN_CONSTANT_CONVERSION = YES;
				CLANG_WARN_DEPRECATED_OBJC_IMPLEMENTATIONS = YES;
				CLANG_WARN_DIRECT_OBJC_ISA_USAGE = YES_ERROR;
				CLANG_WARN_DOCUMENTATION_COMMENTS = YES;
				CLANG_WARN_EMPTY_BODY = YES;
				CLANG_WARN_ENUM_CONVERSION = YES;
				CLANG_WARN_INFINITE_RECURSION = YES;
				CLANG_WARN_INT_CONVERSION = YES;
				CLANG_WARN_NON_LITERAL_NULL_CONVERSION = YES;
				CLANG_WARN_OBJC_IMPLICIT_RETAIN_SELF = YES;
				CLANG_WARN_OBJC_LITERAL_CONVERSION = YES;
				CLANG_WARN_OBJC_ROOT_CLASS = YES_ERROR;
				CLANG_WARN_QUOTED_INCLUDE_IN_FRAMEWORK_HEADER = YES;
				CLANG_WARN_RANGE_LOOP_ANALYSIS = YES;
				CLANG_WARN_STRICT_PROTOTYPES = YES;
				CLANG_WARN_SUSPICIOUS_MOVE = YES;
				CLANG_WARN_UNGUARDED_AVAILABILITY = YES_AGGRESSIVE;
				CLANG_WARN_UNREACHABLE_CODE = YES;
				CLANG_WARN__DUPLICATE_METHOD_MATCH = YES;
				COPY_PHASE_STRIP = NO;
				DEBUG_INFORMATION_FORMAT = dwarf;
				DEVELOPMENT_TEAM = EL9V67G3NB;
				ENABLE_STRICT_OBJC_MSGSEND = YES;
				ENABLE_TESTABILITY = YES;
				ENABLE_USER_SCRIPT_SANDBOXING = NO;
				GCC_C_LANGUAGE_STANDARD = gnu17;
				GCC_DYNAMIC_NO_PIC = NO;
				GCC_NO_COMMON_BLOCKS = YES;
				GCC_OPTIMIZATION_LEVEL = 0;
				GCC_PREPROCESSOR_DEFINITIONS = (
					"DEBUG=1",
					"$(inherited)",
				);
				GCC_WARN_64_TO_32_BIT_CONVERSION = YES;
				GCC_WARN_ABOUT_RETURN_TYPE = YES_ERROR;
				GCC_WARN_UNDECLARED_SELECTOR = YES;
				GCC_WARN_UNINITIALIZED_AUTOS = YES_AGGRESSIVE;
				GCC_WARN_UNUSED_FUNCTION = YES;
				GCC_WARN_UNUSED_VARIABLE = YES;
				IPHONEOS_DEPLOYMENT_TARGET = 26.0;
				LOCALIZATION_PREFERS_STRING_CATALOGS = YES;
				MTL_ENABLE_DEBUG_INFO = INCLUDE_SOURCE;
				MTL_FAST_MATH = YES;
				ONLY_ACTIVE_ARCH = YES;
				SDKROOT = iphoneos;
				SWIFT_ACTIVE_COMPILATION_CONDITIONS = "DEBUG $(inherited)";
				SWIFT_OPTIMIZATION_LEVEL = "-Onone";
			};
			name = Debug;
		};
		E1F2B4492F0B9633004D9D5D /* Release */ = {
			isa = XCBuildConfiguration;
			buildSettings = {
				ALWAYS_SEARCH_USER_PATHS = NO;
				ASSETCATALOG_COMPILER_GENERATE_SWIFT_ASSET_SYMBOL_EXTENSIONS = YES;
				CLANG_ANALYZER_NONNULL = YES;
				CLANG_ANALYZER_NUMBER_OBJECT_CONVERSION = YES_AGGRESSIVE;
				CLANG_CXX_LANGUAGE_STANDARD = "gnu++20";
				CLANG_ENABLE_MODULES = YES;
				CLANG_ENABLE_OBJC_ARC = YES;
				CLANG_ENABLE_OBJC_WEAK = YES;
				CLANG_MODULE_VERIFIER_KIND = none;
				CLANG_WARN_BLOCK_CAPTURE_AUTORELEASING = YES;
				CLANG_WARN_BOOL_CONVERSION = YES;
				CLANG_WARN_COMMA = YES;
				CLANG_WARN_CONSTANT_CONVERSION = YES;
				CLANG_WARN_DEPRECATED_OBJC_IMPLEMENTATIONS = YES;
				CLANG_WARN_DIRECT_OBJC_ISA_USAGE = YES_ERROR;
				CLANG_WARN_DOCUMENTATION_COMMENTS = YES;
				CLANG_WARN_EMPTY_BODY = YES;
				CLANG_WARN_ENUM_CONVERSION = YES;
				CLANG_WARN_INFINITE_RECURSION = YES;
				CLANG_WARN_INT_CONVERSION = YES;
				CLANG_WARN_NON_LITERAL_NULL_CONVERSION = YES;
				CLANG_WARN_OBJC_IMPLICIT_RETAIN_SELF = YES;
				CLANG_WARN_OBJC_LITERAL_CONVERSION = YES;
				CLANG_WARN_OBJC_ROOT_CLASS = YES_ERROR;
				CLANG_WARN_QUOTED_INCLUDE_IN_FRAMEWORK_HEADER = YES;
				CLANG_WARN_RANGE_LOOP_ANALYSIS = YES;
				CLANG_WARN_STRICT_PROTOTYPES = YES;
				CLANG_WARN_SUSPICIOUS_MOVE = YES;
				CLANG_WARN_UNGUARDED_AVAILABILITY = YES_AGGRESSIVE;
				CLANG_WARN_UNREACHABLE_CODE = YES;
				CLANG_WARN__DUPLICATE_METHOD_MATCH = YES;
				COPY_PHASE_STRIP = NO;
				DEBUG_INFORMATION_FORMAT = "dwarf-with-dsym";
				DEVELOPMENT_TEAM = EL9V67G3NB;
				ENABLE_NS_ASSERTIONS = NO;
				ENABLE_STRICT_OBJC_MSGSEND = YES;
				ENABLE_USER_SCRIPT_SANDBOXING = NO;
				GCC_C_LANGUAGE_STANDARD = gnu17;
				GCC_NO_COMMON_BLOCKS = YES;
				GCC_WARN_64_TO_32_BIT_CONVERSION = YES;
				GCC_WARN_ABOUT_RETURN_TYPE = YES_ERROR;
				GCC_WARN_UNDECLARED_SELECTOR = YES;
				GCC_WARN_UNINITIALIZED_AUTOS = YES_AGGRESSIVE;
				GCC_WARN_UNUSED_FUNCTION = YES;
				GCC_WARN_UNUSED_VARIABLE = YES;
				IPHONEOS_DEPLOYMENT_TARGET = 26.0;
				LOCALIZATION_PREFERS_STRING_CATALOGS = YES;
				MTL_ENABLE_DEBUG_INFO = NO;
				MTL_FAST_MATH = YES;
				SDKROOT = iphoneos;
				SWIFT_COMPILATION_MODE = wholemodule;
				VALIDATE_PRODUCT = YES;
			};
			name = Release;
		};
		E1F2B44B2F0B9633004D9D5D /* Debug */ = {
			isa = XCBuildConfiguration;
			buildSettings = {
				ASSETCATALOG_COMPILER_APPICON_NAME = AppIcon;
				ASSETCATALOG_COMPILER_GLOBAL_ACCENT_COLOR_NAME = AccentColor;
				CLANG_MODULE_VERIFIER_KIND = none;
				CODE_SIGN_ENTITLEMENTS = Nebulo_V2.4/Nebulo_V2.4.entitlements;
				CODE_SIGN_STYLE = Automatic;
				CURRENT_PROJECT_VERSION = 1;
				DEVELOPMENT_TEAM = EL9V67G3NB;
				ENABLE_PREVIEWS = YES;
				GENERATE_INFOPLIST_FILE = NO;
				INFOPLIST_FILE = "Nebulo-V2-4-Info.plist";
				INFOPLIST_KEY_CFBundleDisplayName = Nebulo;
				INFOPLIST_KEY_UIApplicationSceneManifest_Generation = YES;
				INFOPLIST_KEY_UIApplicationSupportsIndirectInputEvents = YES;
				INFOPLIST_KEY_UILaunchScreen_Generation = YES;
				INFOPLIST_KEY_UISupportedInterfaceOrientations_iPad = "UIInterfaceOrientationPortrait UIInterfaceOrientationPortraitUpsideDown UIInterfaceOrientationLandscapeLeft UIInterfaceOrientationLandscapeRight";
				INFOPLIST_KEY_UISupportedInterfaceOrientations_iPhone = "UIInterfaceOrientationPortrait UIInterfaceOrientationLandscapeLeft UIInterfaceOrientationLandscapeRight";
				IPHONEOS_DEPLOYMENT_TARGET = 26;
				LD_RUNPATH_SEARCH_PATHS = (
					"$(inherited)",
					"@executable_path/Frameworks",
				);
				MARKETING_VERSION = 3.0;
				PRODUCT_BUNDLE_IDENTIFIER = "personal.Nebulo-V2-4";
				PRODUCT_NAME = "$(TARGET_NAME)";
				STRING_CATALOG_GENERATE_SYMBOLS = YES;
				SWIFT_APPROACHABLE_CONCURRENCY = YES;
				SWIFT_DEFAULT_ACTOR_ISOLATION = MainActor;
				SWIFT_EMIT_LOC_STRINGS = YES;
				SWIFT_UPCOMING_FEATURE_MEMBER_IMPORT_VISIBILITY = YES;
				SWIFT_VERSION = 5.0;
				TARGETED_DEVICE_FAMILY = "1,2";
			};
			name = Debug;
		};
		E1F2B44C2F0B9633004D9D5D /* Release */ = {
			isa = XCBuildConfiguration;
			buildSettings = {
				ASSETCATALOG_COMPILER_APPICON_NAME = AppIcon;
				ASSETCATALOG_COMPILER_GLOBAL_ACCENT_COLOR_NAME = AccentColor;
				CLANG_MODULE_VERIFIER_KIND = none;
				CODE_SIGN_ENTITLEMENTS = Nebulo_V2.4/Nebulo_V2.4.entitlements;
				CODE_SIGN_STYLE = Automatic;
				CURRENT_PROJECT_VERSION = 1;
				DEVELOPMENT_TEAM = EL9V67G3NB;
				ENABLE_PREVIEWS = YES;
				GENERATE_INFOPLIST_FILE = NO;
				INFOPLIST_FILE = "Nebulo-V2-4-Info.plist";
				INFOPLIST_KEY_CFBundleDisplayName = Nebulo;
				INFOPLIST_KEY_UIApplicationSceneManifest_Generation = YES;
				INFOPLIST_KEY_UIApplicationSupportsIndirectInputEvents = YES;
				INFOPLIST_KEY_UILaunchScreen_Generation = YES;
				INFOPLIST_KEY_UISupportedInterfaceOrientations_iPad = "UIInterfaceOrientationPortrait UIInterfaceOrientationPortraitUpsideDown UIInterfaceOrientationLandscapeLeft UIInterfaceOrientationLandscapeRight";
				INFOPLIST_KEY_UISupportedInterfaceOrientations_iPhone = "UIInterfaceOrientationPortrait UIInterfaceOrientationLandscapeLeft UIInterfaceOrientationLandscapeRight";
				IPHONEOS_DEPLOYMENT_TARGET = 26;
				LD_RUNPATH_SEARCH_PATHS = (
					"$(inherited)",
					"@executable_path/Frameworks",
				);
				MARKETING_VERSION = 3.0;
				PRODUCT_BUNDLE_IDENTIFIER = "personal.Nebulo-V2-4";
				PRODUCT_NAME = "$(TARGET_NAME)";
				STRING_CATALOG_GENERATE_SYMBOLS = YES;
				SWIFT_APPROACHABLE_CONCURRENCY = YES;
				SWIFT_DEFAULT_ACTOR_ISOLATION = MainActor;
				SWIFT_EMIT_LOC_STRINGS = YES;
				SWIFT_UPCOMING_FEATURE_MEMBER_IMPORT_VISIBILITY = YES;
				SWIFT_VERSION = 5.0;
				TARGETED_DEVICE_FAMILY = "1,2";
			};
			name = Release;
		};
/* End XCBuildConfiguration section */

/* Begin XCConfigurationList section */
		A1B2C3D40000000000000007 /* Build configuration list for PBXNativeTarget "NebuloWidgetExtension" */ = {
			isa = XCConfigurationList;
			buildConfigurations = (
				A1B2C3D40000000000000008 /* Debug */,
				A1B2C3D40000000000000009 /* Release */,
			);
			defaultConfigurationIsVisible = 0;
			defaultConfigurationName = Release;
		};
		E1F2B43A2F0B9631004D9D5D /* Build configuration list for PBXProject "Nebulo_V2.4" */ = {
			isa = XCConfigurationList;
			buildConfigurations = (
				E1F2B4482F0B9633004D9D5D /* Debug */,
				E1F2B4492F0B9633004D9D5D /* Release */,
			);
			defaultConfigurationIsVisible = 0;
			defaultConfigurationName = Release;
		};
		E1F2B44A2F0B9633004D9D5D /* Build configuration list for PBXNativeTarget "Nebulo_V2.4" */ = {
			isa = XCConfigurationList;
			buildConfigurations = (
				E1F2B44B2F0B9633004D9D5D /* Debug */,
				E1F2B44C2F0B9633004D9D5D /* Release */,
			);
			defaultConfigurationIsVisible = 0;
			defaultConfigurationName = Release;
		};
/* End XCConfigurationList section */

/* Begin XCRemoteSwiftPackageReference section */
		E165D43C2F1070EA00037231 /* XCRemoteSwiftPackageReference "vlckit-spm" */ = {
			isa = XCRemoteSwiftPackageReference;
			repositoryURL = "https://github.com/tylerjonesio/vlckit-spm";
			requirement = {
				branch = main;
				kind = branch;
			};
		};
		E165D43F2F1070FE00037231 /* XCRemoteSwiftPackageReference "KSPlayer" */ = {
			isa = XCRemoteSwiftPackageReference;
			repositoryURL = "https://github.com/kingslay/KSPlayer";
			requirement = {
				kind = upToNextMajorVersion;
				minimumVersion = 2.3.4;
			};
		};
/* End XCRemoteSwiftPackageReference section */

/* Begin XCSwiftPackageProductDependency section */
		E165D43D2F1070EA00037231 /* VLCKitSPM */ = {
			isa = XCSwiftPackageProductDependency;
			package = E165D43C2F1070EA00037231 /* XCRemoteSwiftPackageReference "vlckit-spm" */;
			productName = VLCKitSPM;
		};
		E165D4402F1070FE00037231 /* KSPlayer */ = {
			isa = XCSwiftPackageProductDependency;
			package = E165D43F2F1070FE00037231 /* XCRemoteSwiftPackageReference "KSPlayer" */;
			productName = KSPlayer;
		};
/* End XCSwiftPackageProductDependency section */
	};
	rootObject = E1F2B4372F0B9631004D9D5D /* Project object */;
}
